
Microsoft Visual Studio Solution File, Format Version 12.00
# Visual Studio Version 16
VisualStudioVersion = 16.0.30406.217
MinimumVisualStudioVersion = 10.0.40219.1
Project("{FAE04EC0-301F-11D3-BF4B-00C04F79EFBC}") = "Messageservice", "Messageservice.csproj", "{8E1BCEF0-FB62-4071-8FD8-E2D3A3948841}"
EndProject
Project("{FAE04EC0-301F-11D3-BF4B-00C04F79EFBC}") = "Consolescheduler", "..\Consolescheduler\Consolescheduler.csproj", "{0496ADA9-81B5-468B-9A50-CDC98264A877}"
EndProject
Global
	GlobalSection(SolutionConfigurationPlatforms) = preSolution
		Debug|Any CPU = Debug|Any CPU
		Release|Any CPU = Release|Any CPU
	EndGlobalSection
	GlobalSection(ProjectConfigurationPlatforms) = postSolution
		{8E1BCEF0-FB62-4071-8FD8-E2D3A3948841}.Debug|Any CPU.ActiveCfg = Debug|Any CPU
		{8E1BCEF0-FB62-4071-8FD8-E2D3A3948841}.Debug|Any CPU.Build.0 = Debug|Any CPU
		{8E1BCEF0-FB62-4071-8FD8-E2D3A3948841}.Release|Any CPU.ActiveCfg = Release|Any CPU
		{8E1BCEF0-FB62-4071-8FD8-E2D3A3948841}.Release|Any CPU.Build.0 = Release|Any CPU
		{0496ADA9-81B5-468B-9A50-CDC98264A877}.Debug|Any CPU.ActiveCfg = Debug|Any CPU
		{0496ADA9-81B5-468B-9A50-CDC98264A877}.Debug|Any CPU.Build.0 = Debug|Any CPU
		{0496ADA9-81B5-468B-9A50-CDC98264A877}.Release|Any CPU.ActiveCfg = Release|Any CPU
		{0496ADA9-81B5-468B-9A50-CDC98264A877}.Release|Any CPU.Build.0 = Release|Any CPU
	EndGlobalSection
	GlobalSection(SolutionProperties) = preSolution
		HideSolutionNode = FALSE
	EndGlobalSection
	GlobalSection(ExtensibilityGlobals) = postSolution
		SolutionGuid = {55EFF50A-C090-48FF-9FEA-1886996DAA47}
	EndGlobalSection
EndGlobal
